
Microsoft Visual Studio Solution File, Format Version 12.00
# Visual Studio Version 16
VisualStudioVersion = 16.0.30611.23
MinimumVisualStudioVersion = 10.0.40219.1
Project("{FAE04EC0-301F-11D3-BF4B-00C04F79EFBC}") = "MetaWork.WorkTime", "MetaWork.WorkTime\MetaWork.WorkTime.csproj", "{6D1419DF-2525-4EDD-9198-B12C2537C041}"
EndProject
Project("{FAE04EC0-301F-11D3-BF4B-00C04F79EFBC}") = "MetaWork.Data", "MetaWork.Data\MetaWork.Data.csproj", "{D3295EB1-72C1-40DB-BB04-1FC0CA5E933B}"
EndProject
Project("{FAE04EC0-301F-11D3-BF4B-00C04F79EFBC}") = "MetaWork.Project", "MetaWork.Project\MetaWork.Project.csproj", "{8565B958-E543-4350-B49D-734CCC30DB24}"
EndProject
Project("{FAE04EC0-301F-11D3-BF4B-00C04F79EFBC}") = "AutoSendMail", "AutoSendMail\AutoSendMail.csproj", "{B0DA25CE-6414-4CC3-93FD-19FFEA01634E}"
EndProject
Project("{FAE04EC0-301F-11D3-BF4B-00C04F79EFBC}") = "MetaWork.Html", "MetaWork.Html\MetaWork.Html.csproj", "{74903939-4117-482B-9357-FC09D03B32E5}"
EndProject
Global
	GlobalSection(SolutionConfigurationPlatforms) = preSolution
		Debug|Any CPU = Debug|Any CPU
		Release|Any CPU = Release|Any CPU
	EndGlobalSection
	GlobalSection(ProjectConfigurationPlatforms) = postSolution
		{6D1419DF-2525-4EDD-9198-B12C2537C041}.Debug|Any CPU.ActiveCfg = Debug|Any CPU
		{6D1419DF-2525-4EDD-9198-B12C2537C041}.Debug|Any CPU.Build.0 = Debug|Any CPU
		{6D1419DF-2525-4EDD-9198-B12C2537C041}.Release|Any CPU.ActiveCfg = Release|Any CPU
		{6D1419DF-2525-4EDD-9198-B12C2537C041}.Release|Any CPU.Build.0 = Release|Any CPU
		{D3295EB1-72C1-40DB-BB04-1FC0CA5E933B}.Debug|Any CPU.ActiveCfg = Debug|Any CPU
		{D3295EB1-72C1-40DB-BB04-1FC0CA5E933B}.Debug|Any CPU.Build.0 = Debug|Any CPU
		{D3295EB1-72C1-40DB-BB04-1FC0CA5E933B}.Release|Any CPU.ActiveCfg = Release|Any CPU
		{D3295EB1-72C1-40DB-BB04-1FC0CA5E933B}.Release|Any CPU.Build.0 = Release|Any CPU
		{8565B958-E543-4350-B49D-734CCC30DB24}.Debug|Any CPU.ActiveCfg = Debug|Any CPU
		{8565B958-E543-4350-B49D-734CCC30DB24}.Debug|Any CPU.Build.0 = Debug|Any CPU
		{8565B958-E543-4350-B49D-734CCC30DB24}.Release|Any CPU.ActiveCfg = Release|Any CPU
		{8565B958-E543-4350-B49D-734CCC30DB24}.Release|Any CPU.Build.0 = Release|Any CPU
		{B0DA25CE-6414-4CC3-93FD-19FFEA01634E}.Debug|Any CPU.ActiveCfg = Debug|Any CPU
		{B0DA25CE-6414-4CC3-93FD-19FFEA01634E}.Debug|Any CPU.Build.0 = Debug|Any CPU
		{B0DA25CE-6414-4CC3-93FD-19FFEA01634E}.Release|Any CPU.ActiveCfg = Release|Any CPU
		{B0DA25CE-6414-4CC3-93FD-19FFEA01634E}.Release|Any CPU.Build.0 = Release|Any CPU
		{74903939-4117-482B-9357-FC09D03B32E5}.Debug|Any CPU.ActiveCfg = Debug|Any CPU
		{74903939-4117-482B-9357-FC09D03B32E5}.Debug|Any CPU.Build.0 = Debug|Any CPU
		{74903939-4117-482B-9357-FC09D03B32E5}.Release|Any CPU.ActiveCfg = Release|Any CPU
		{74903939-4117-482B-9357-FC09D03B32E5}.Release|Any CPU.Build.0 = Release|Any CPU
	EndGlobalSection
	GlobalSection(SolutionProperties) = preSolution
		HideSolutionNode = FALSE
	EndGlobalSection
	GlobalSection(ExtensibilityGlobals) = postSolution
		SolutionGuid = {47B65152-C7BE-45CB-8142-2218E5F6416F}
	EndGlobalSection
EndGlobal
